{
  "name": "page-fetcher-skill",
  "version": "0.2.0",
  "lockfileVersion": 3,
  "requires": true,
  "packages": {
    "": {
      "name": "page-fetcher-skill",
      "version": "0.2.0",
      "dependencies": {
        "html2md4llm": "^1.0.0"
      }
    },
    "node_modules/html2md4llm": {
      "version": "1.1.3",
      "resolved": "https://registry.npmjs.org/html2md4llm/-/html2md4llm-1.1.3.tgz",
      "integrity": "sha512-a7wltLJq8Td+PHy3fV5De5rrdQAG45+U2uMte++AH8wmAEgJ69ur67QxP6Wn2dUbq/C1RVm4BH9lnTQ9SHpXKQ==",
      "license": "MIT",
      "bin": {
        "html2md4llm": "bin/html2md4llm.js"
      },
      "engines": {
        "node": ">=18.0.0"
      }
    }
  }
}
