{
  "name": "wechat-publisher",
  "version": "1.0.0",
  "lockfileVersion": 3,
  "requires": true,
  "packages": {
    "": {
      "name": "wechat-publisher",
      "version": "1.0.0",
      "license": "ISC",
      "dependencies": {
        "diff": "^8.0.3",
        "html2md4llm": "^1.2.0"
      }
    },
    "node_modules/diff": {
      "version": "8.0.3",
      "resolved": "https://registry.npmjs.org/diff/-/diff-8.0.3.tgz",
      "integrity": "sha512-qejHi7bcSD4hQAZE0tNAawRK1ZtafHDmMTMkrrIGgSLl7hTnQHmKCeB45xAcbfTqK2zowkM3j3bHt/4b/ARbYQ==",
      "license": "BSD-3-Clause",
      "engines": {
        "node": ">=0.3.1"
      }
    },
    "node_modules/html2md4llm": {
      "version": "1.2.0",
      "resolved": "https://registry.npmjs.org/html2md4llm/-/html2md4llm-1.2.0.tgz",
      "integrity": "sha512-+nAq3AK65Ep6ngoY+QjNSUyBSh8C996cqTZozGZuCaZ8T5aD9LS4c2tnoe/IigMIS0utQML4bfmygd7iqhl5Pg==",
      "license": "MIT",
      "bin": {
        "html2md4llm": "bin/html2md4llm.js"
      },
      "engines": {
        "node": ">=18.0.0"
      }
    }
  }
}
